// !$*UTF8*$!
{
	archiveVersion = 1;
	classes = {
	};
	objectVersion = 110;
	objects = {

/* Begin PBXContainerItemProxy section */
		AABC1EDB2FFCDD8D00BD422D /* PBXContainerItemProxy */ = {
			isa = PBXContainerItemProxy;
			containerPortal = AABC1EC32FFCDD8B00BD422D /* Project object */;
			proxyType = 1;
			remoteGlobalIDString = AABC1ECA2FFCDD8B00BD422D;
			remoteInfo = NumLauncher;
		};
		AABC1EE52FFCDD8D00BD422D /* PBXContainerItemProxy */ = {
			isa = PBXContainerItemProxy;
			containerPortal = AABC1EC32FFCDD8B00BD422D /* Project object */;
			proxyType = 1;
			remoteGlobalIDString = AABC1ECA2FFCDD8B00BD422D;
			remoteInfo = NumLauncher;
		};
/* End PBXContainerItemProxy section */

/* Begin PBXFileReference section */
		AABC1ECB2FFCDD8B00BD422D /* NumLauncher.app */ = {isa = PBXFileReference; explicitFileType = wrapper.application; includeInIndex = 0; path = NumLauncher.app; sourceTree = BUILT_PRODUCTS_DIR; };
		AABC1EDA2FFCDD8D00BD422D /* NumLauncherTests.xctest */ = {isa = PBXFileReference; explicitFileType = wrapper.cfbundle; includeInIndex = 0; path = NumLauncherTests.xctest; sourceTree = BUILT_PRODUCTS_DIR; };
		AABC1EE42FFCDD8D00BD422D /* NumLauncherUITests.xctest */ = {isa = PBXFileReference; explicitFileType = wrapper.cfbundle; includeInIndex = 0; path = NumLauncherUITests.xctest; sourceTree = BUILT_PRODUCTS_DIR; };
/* End PBXFileReference section */

/* Begin PBXFileSystemSynchronizedRootGroup section */
		AABC1ECD2FFCDD8B00BD422D /* NumLauncher */ = {
			isa = PBXFileSystemSynchronizedRootGroup;
			path = NumLauncher;
			sourceTree = "<group>";
		};
		AABC1EDD2FFCDD8D00BD422D /* NumLauncherTests */ = {
			isa = PBXFileSystemSynchronizedRootGroup;
			path = NumLauncherTests;
			sourceTree = "<group>";
		};
		AABC1EE72FFCDD8D00BD422D /* NumLauncherUITests */ = {
			isa = PBXFileSystemSynchronizedRootGroup;
			path = NumLauncherUITests;
			sourceTree = "<group>";
		};
/* End PBXFileSystemSynchronizedRootGroup section */

/* Begin PBXFrameworksBuildPhase section */
		AABC1EC82FFCDD8B00BD422D /* Frameworks */ = {
			isa = PBXFrameworksBuildPhase;
			files = (
			);
		};
		AABC1ED72FFCDD8D00BD422D /* Frameworks */ = {
			isa = PBXFrameworksBuildPhase;
			files = (
			);
		};
		AABC1EE12FFCDD8D00BD422D /* Frameworks */ = {
			isa = PBXFrameworksBuildPhase;
			files = (
			);
		};
/* End PBXFrameworksBuildPhase section */

/* Begin PBXGroup section */
		AABC1EC22FFCDD8B00BD422D = {
			isa = PBXGroup;
			children = (
				AABC1ECD2FFCDD8B00BD422D /* NumLauncher */,
				AABC1EDD2FFCDD8D00BD422D /* NumLauncherTests */,
				AABC1EE72FFCDD8D00BD422D /* NumLauncherUITests */,
				AABC1ECC2FFCDD8B00BD422D /* Products */,
			);
			sourceTree = "<group>";
		};
		AABC1ECC2FFCDD8B00BD422D /* Products */ = {
			isa = PBXGroup;
			children = (
				AABC1ECB2FFCDD8B00BD422D /* NumLauncher.app */,
				AABC1EDA2FFCDD8D00BD422D /* NumLauncherTests.xctest */,
				AABC1EE42FFCDD8D00BD422D /* NumLauncherUITests.xctest */,
			);
			name = Products;
			sourceTree = "<group>";
		};
/* End PBXGroup section */

/* Begin PBXNativeTarget section */
		AABC1ECA2FFCDD8B00BD422D /* NumLauncher */ = {
			isa = PBXNativeTarget;
			buildConfigurationList = AABC1EEC2FFCDD8D00BD422D /* Build configuration list for PBXNativeTarget "NumLauncher" */;
			buildPhases = (
				AABC1EC72FFCDD8B00BD422D /* Sources */,
				AABC1EC82FFCDD8B00BD422D /* Frameworks */,
				AABC1EC92FFCDD8B00BD422D /* Resources */,
			);
			buildRules = (
			);
			fileSystemSynchronizedGroups = (
				AABC1ECD2FFCDD8B00BD422D /* NumLauncher */,
			);
			name = NumLauncher;
			productName = NumLauncher;
			productReference = AABC1ECB2FFCDD8B00BD422D /* NumLauncher.app */;
			productType = "com.apple.product-type.application";
		};
		AABC1ED92FFCDD8D00BD422D /* NumLauncherTests */ = {
			isa = PBXNativeTarget;
			buildConfigurationList = AABC1EEF2FFCDD8D00BD422D /* Build configuration list for PBXNativeTarget "NumLauncherTests" */;
			buildPhases = (
				AABC1ED62FFCDD8D00BD422D /* Sources */,
				AABC1ED72FFCDD8D00BD422D /* Frameworks */,
				AABC1ED82FFCDD8D00BD422D /* Resources */,
			);
			buildRules = (
			);
			dependencies = (
				AABC1EDC2FFCDD8D00BD422D /* PBXTargetDependency */,
			);
			fileSystemSynchronizedGroups = (
				AABC1EDD2FFCDD8D00BD422D /* NumLauncherTests */,
			);
			name = NumLauncherTests;
			productName = NumLauncherTests;
			productReference = AABC1EDA2FFCDD8D00BD422D /* NumLauncherTests.xctest */;
			productType = "com.apple.product-type.bundle.unit-test";
		};
		AABC1EE32FFCDD8D00BD422D /* NumLauncherUITests */ = {
			isa = PBXNativeTarget;
			buildConfigurationList = AABC1EF22FFCDD8D00BD422D /* Build configuration list for PBXNativeTarget "NumLauncherUITests" */;
			buildPhases = (
				AABC1EE02FFCDD8D00BD422D /* Sources */,
				AABC1EE12FFCDD8D00BD422D /* Frameworks */,
				AABC1EE22FFCDD8D00BD422D /* Resources */,
			);
			buildRules = (
			);
			dependencies = (
				AABC1EE62FFCDD8D00BD422D /* PBXTargetDependency */,
			);
			fileSystemSynchronizedGroups = (
				AABC1EE72FFCDD8D00BD422D /* NumLauncherUITests */,
			);
			name = NumLauncherUITests;
			productName = NumLauncherUITests;
			productReference = AABC1EE42FFCDD8D00BD422D /* NumLauncherUITests.xctest */;
			productType = "com.apple.product-type.bundle.ui-testing";
		};
/* End PBXNativeTarget section */

/* Begin PBXProject section */
		AABC1EC32FFCDD8B00BD422D /* Project object */ = {
			isa = PBXProject;
			attributes = {
				BuildIndependentTargetsInParallel = 1;
				LastSwiftUpdateCheck = 2700;
				LastUpgradeCheck = 2700;
				TargetAttributes = {
					AABC1ECA2FFCDD8B00BD422D = {
						CreatedOnToolsVersion = 27.0;
					};
					AABC1ED92FFCDD8D00BD422D = {
						CreatedOnToolsVersion = 27.0;
						TestTargetID = AABC1ECA2FFCDD8B00BD422D;
					};
					AABC1EE32FFCDD8D00BD422D = {
						CreatedOnToolsVersion = 27.0;
						TestTargetID = AABC1ECA2FFCDD8B00BD422D;
					};
				};
			};
			buildConfigurationList = AABC1EC62FFCDD8B00BD422D /* Build configuration list for PBXProject "NumLauncher" */;
			developmentRegion = en;
			hasScannedForEncodings = 0;
			knownRegions = (
				en,
				Base,
			);
			mainGroup = AABC1EC22FFCDD8B00BD422D;
			minimizedProjectReferenceProxies = 1;
			preferredProjectObjectVersion = 77;
			productRefGroup = AABC1ECC2FFCDD8B00BD422D /* Products */;
			projectDirPath = "";
			projectRoot = "";
			targets = (
				AABC1ECA2FFCDD8B00BD422D /* NumLauncher */,
				AABC1ED92FFCDD8D00BD422D /* NumLauncherTests */,
				AABC1EE32FFCDD8D00BD422D /* NumLauncherUITests */,
			);
		};
/* End PBXProject section */

/* Begin PBXResourcesBuildPhase section */
		AABC1EC92FFCDD8B00BD422D /* Resources */ = {
			isa = PBXResourcesBuildPhase;
			files = (
			);
		};
		AABC1ED82FFCDD8D00BD422D /* Resources */ = {
			isa = PBXResourcesBuildPhase;
			files = (
			);
		};
		AABC1EE22FFCDD8D00BD422D /* Resources */ = {
			isa = PBXResourcesBuildPhase;
			files = (
			);
		};
/* End PBXResourcesBuildPhase section */

/* Begin PBXSourcesBuildPhase section */
		AABC1EC72FFCDD8B00BD422D /* Sources */ = {
			isa = PBXSourcesBuildPhase;
			files = (
			);
		};
		AABC1ED62FFCDD8D00BD422D /* Sources */ = {
			isa = PBXSourcesBuildPhase;
			files = (
			);
		};
		AABC1EE02FFCDD8D00BD422D /* Sources */ = {
			isa = PBXSourcesBuildPhase;
			files = (
			);
		};
/* End PBXSourcesBuildPhase section */

/* Begin PBXTargetDependency section */
		AABC1EDC2FFCDD8D00BD422D /* PBXTargetDependency */ = {
			isa = PBXTargetDependency;
			target = AABC1ECA2FFCDD8B00BD422D /* NumLauncher */;
			targetProxy = AABC1EDB2FFCDD8D00BD422D /* PBXContainerItemProxy */;
		};
		AABC1EE62FFCDD8D00BD422D /* PBXTargetDependency */ = {
			isa = PBXTargetDependency;
			target = AABC1ECA2FFCDD8B00BD422D /* NumLauncher */;
			targetProxy = AABC1EE52FFCDD8D00BD422D /* PBXContainerItemProxy */;
		};
/* End PBXTargetDependency section */

/* Begin XCBuildConfiguration section */
		AABC1EEA2FFCDD8D00BD422D /* Debug configuration for PBXProject "NumLauncher" */ = {
			isa = XCBuildConfiguration;
			buildSettings = {
				ALWAYS_SEARCH_USER_PATHS = NO;
				ASSETCATALOG_COMPILER_GENERATE_SWIFT_ASSET_SYMBOL_EXTENSIONS = YES;
				CLANG_ANALYZER_NONNULL = YES;
				CLANG_ANALYZER_NUMBER_OBJECT_CONVERSION = YES_AGGRESSIVE;
				CLANG_CXX_LANGUAGE_STANDARD = "gnu++20";
				CLANG_ENABLE_MODULES = YES;
				CLANG_ENABLE_OBJC_ARC = YES;
				CLANG_ENABLE_OBJC_WEAK = YES;
				CLANG_WARN_BLOCK_CAPTURE_AUTORELEASING = YES;
				CLANG_WARN_BOOL_CONVERSION = YES;
				CLANG_WARN_COMMA = YES;
				CLANG_WARN_CONSTANT_CONVERSION = YES;
				CLANG_WARN_DEPRECATED_OBJC_IMPLEMENTATIONS = YES;
				CLANG_WARN_DIRECT_OBJC_ISA_USAGE = YES_ERROR;
				CLANG_WARN_DOCUMENTATION_COMMENTS = YES;
				CLANG_WARN_EMPTY_BODY = YES;
				CLANG_WARN_ENUM_CONVERSION = YES;
				CLANG_WARN_INFINITE_RECURSION = YES;
				CLANG_WARN_INT_CONVERSION = YES;
				CLANG_WARN_NON_LITERAL_NULL_CONVERSION = YES;
				CLANG_WARN_OBJC_IMPLICIT_RETAIN_SELF = YES;
				CLANG_WARN_OBJC_LITERAL_CONVERSION = YES;
				CLANG_WARN_OBJC_ROOT_CLASS = YES_ERROR;
				CLANG_WARN_QUOTED_INCLUDE_IN_FRAMEWORK_HEADER = YES;
				CLANG_WARN_RANGE_LOOP_ANALYSIS = YES;
				CLANG_WARN_STRICT_PROTOTYPES = YES;
				CLANG_WARN_SUSPICIOUS_MOVE = YES;
				CLANG_WARN_UNGUARDED_AVAILABILITY = YES_AGGRESSIVE;
				CLANG_WARN_UNREACHABLE_CODE = YES;
				CLANG_WARN__DUPLICATE_METHOD_MATCH = YES;
				COPY_PHASE_STRIP = NO;
				DEBUG_INFORMATION_FORMAT = dwarf;
				DEVELOPMENT_TEAM = L5KZFNA2X4;
				ENABLE_STRICT_OBJC_MSGSEND = YES;
				ENABLE_TESTABILITY = YES;
				ENABLE_USER_SCRIPT_SANDBOXING = YES;
				GCC_C_LANGUAGE_STANDARD = gnu17;
				GCC_DYNAMIC_NO_PIC = NO;
				GCC_NO_COMMON_BLOCKS = YES;
				GCC_OPTIMIZATION_LEVEL = 0;
				GCC_PREPROCESSOR_DEFINITIONS = (
					"DEBUG=1",
					"$(inherited)",
				);
				GCC_WARN_64_TO_32_BIT_CONVERSION = YES;
				GCC_WARN_ABOUT_RETURN_TYPE = YES_ERROR;
				GCC_WARN_UNDECLARED_SELECTOR = YES;
				GCC_WARN_UNINITIALIZED_AUTOS = YES_AGGRESSIVE;
				GCC_WARN_UNUSED_FUNCTION = YES;
				GCC_WARN_UNUSED_VARIABLE = YES;
				LOCALIZATION_PREFERS_STRING_CATALOGS = YES;
				MACOSX_DEPLOYMENT_TARGET = 27.0;
				MTL_ENABLE_DEBUG_INFO = INCLUDE_SOURCE;
				MTL_FAST_MATH = YES;
				ONLY_ACTIVE_ARCH = YES;
				SDKROOT = macosx;
				SWIFT_ACTIVE_COMPILATION_CONDITIONS = "DEBUG $(inherited)";
				SWIFT_OPTIMIZATION_LEVEL = "-Onone";
			};
			name = Debug;
		};
		AABC1EEB2FFCDD8D00BD422D /* Release configuration for PBXProject "NumLauncher" */ = {
			isa = XCBuildConfiguration;
			buildSettings = {
				ALWAYS_SEARCH_USER_PATHS = NO;
				ASSETCATALOG_COMPILER_GENERATE_SWIFT_ASSET_SYMBOL_EXTENSIONS = YES;
				CLANG_ANALYZER_NONNULL = YES;
				CLANG_ANALYZER_NUMBER_OBJECT_CONVERSION = YES_AGGRESSIVE;
				CLANG_CXX_LANGUAGE_STANDARD = "gnu++20";
				CLANG_ENABLE_MODULES = YES;
				CLANG_ENABLE_OBJC_ARC = YES;
				CLANG_ENABLE_OBJC_WEAK = YES;
				CLANG_WARN_BLOCK_CAPTURE_AUTORELEASING = YES;
				CLANG_WARN_BOOL_CONVERSION = YES;
				CLANG_WARN_COMMA = YES;
				CLANG_WARN_CONSTANT_CONVERSION = YES;
				CLANG_WARN_DEPRECATED_OBJC_IMPLEMENTATIONS = YES;
				CLANG_WARN_DIRECT_OBJC_ISA_USAGE = YES_ERROR;
				CLANG_WARN_DOCUMENTATION_COMMENTS = YES;
				CLANG_WARN_EMPTY_BODY = YES;
				CLANG_WARN_ENUM_CONVERSION = YES;
				CLANG_WARN_INFINITE_RECURSION = YES;
				CLANG_WARN_INT_CONVERSION = YES;
				CLANG_WARN_NON_LITERAL_NULL_CONVERSION = YES;
				CLANG_WARN_OBJC_IMPLICIT_RETAIN_SELF = YES;
				CLANG_WARN_OBJC_LITERAL_CONVERSION = YES;
				CLANG_WARN_OBJC_ROOT_CLASS = YES_ERROR;
				CLANG_WARN_QUOTED_INCLUDE_IN_FRAMEWORK_HEADER = YES;
				CLANG_WARN_RANGE_LOOP_ANALYSIS = YES;
				CLANG_WARN_STRICT_PROTOTYPES = YES;
				CLANG_WARN_SUSPICIOUS_MOVE = YES;
				CLANG_WARN_UNGUARDED_AVAILABILITY = YES_AGGRESSIVE;
				CLANG_WARN_UNREACHABLE_CODE = YES;
				CLANG_WARN__DUPLICATE_METHOD_MATCH = YES;
				COPY_PHASE_STRIP = NO;
				DEBUG_INFORMATION_FORMAT = "dwarf-with-dsym";
				DEVELOPMENT_TEAM = L5KZFNA2X4;
				ENABLE_NS_ASSERTIONS = NO;
				ENABLE_STRICT_OBJC_MSGSEND = YES;
				ENABLE_USER_SCRIPT_SANDBOXING = YES;
				GCC_C_LANGUAGE_STANDARD = gnu17;
				GCC_NO_COMMON_BLOCKS = YES;
				GCC_WARN_64_TO_32_BIT_CONVERSION = YES;
				GCC_WARN_ABOUT_RETURN_TYPE = YES_ERROR;
				GCC_WARN_UNDECLARED_SELECTOR = YES;
				GCC_WARN_UNINITIALIZED_AUTOS = YES_AGGRESSIVE;
				GCC_WARN_UNUSED_FUNCTION = YES;
				GCC_WARN_UNUSED_VARIABLE = YES;
				LOCALIZATION_PREFERS_STRING_CATALOGS = YES;
				MACOSX_DEPLOYMENT_TARGET = 27.0;
				MTL_ENABLE_DEBUG_INFO = NO;
				MTL_FAST_MATH = YES;
				SDKROOT = macosx;
				SWIFT_COMPILATION_MODE = wholemodule;
			};
			name = Release;
		};
		AABC1EED2FFCDD8D00BD422D /* Debug configuration for PBXNativeTarget "NumLauncher" */ = {
			isa = XCBuildConfiguration;
			buildSettings = {
				ASSETCATALOG_COMPILER_APPICON_NAME = AppIcon;
				ASSETCATALOG_COMPILER_GLOBAL_ACCENT_COLOR_NAME = AccentColor;
				ASSETCATALOG_COMPILER_INCLUDE_ALL_APPICON_ASSETS = NO;
				AUTOMATION_APPLE_EVENTS = NO;
				CODE_SIGN_STYLE = Automatic;
				COMBINE_HIDPI_IMAGES = YES;
				CURRENT_PROJECT_VERSION = 4;
				DEVELOPMENT_TEAM = L5KZFNA2X4;
				ENABLE_APP_SANDBOX = NO;
				ENABLE_HARDENED_RUNTIME = NO;
				ENABLE_PREVIEWS = YES;
				ENABLE_RESOURCE_ACCESS_PHOTO_LIBRARY = NO;
				GENERATE_INFOPLIST_FILE = YES;
				INFOPLIST_KEY_CFBundleDisplayName = NumLauncher;
				INFOPLIST_KEY_LSApplicationCategoryType = "public.app-category.utilities";
				INFOPLIST_KEY_NSHumanReadableCopyright = "";
				LD_RUNPATH_SEARCH_PATHS = (
					"$(inherited)",
					"@executable_path/../Frameworks",
				);
				MACOSX_DEPLOYMENT_TARGET = "$(RECOMMENDED_MACOSX_DEPLOYMENT_TARGET)";
				MARKETING_VERSION = 0.1;
				PRODUCT_BUNDLE_IDENTIFIER = com.lagera.NumLauncher;
				PRODUCT_NAME = "$(TARGET_NAME)";
				REGISTER_APP_GROUPS = YES;
				RUNTIME_EXCEPTION_ALLOW_DYLD_ENVIRONMENT_VARIABLES = NO;
				RUNTIME_EXCEPTION_ALLOW_JIT = NO;
				RUNTIME_EXCEPTION_ALLOW_UNSIGNED_EXECUTABLE_MEMORY = NO;
				RUNTIME_EXCEPTION_DEBUGGING_TOOL = NO;
				RUNTIME_EXCEPTION_DISABLE_EXECUTABLE_PAGE_PROTECTION = NO;
				RUNTIME_EXCEPTION_DISABLE_LIBRARY_VALIDATION = NO;
				STRING_CATALOG_GENERATE_SYMBOLS = YES;
				SWIFT_APPROACHABLE_CONCURRENCY = YES;
				SWIFT_DEFAULT_ACTOR_ISOLATION = MainActor;
				SWIFT_EMIT_LOC_STRINGS = YES;
				SWIFT_UPCOMING_FEATURE_MEMBER_IMPORT_VISIBILITY = YES;
				SWIFT_VERSION = 5.0;
			};
			name = Debug;
		};
		AABC1EEE2FFCDD8D00BD422D /* Release configuration for PBXNativeTarget "NumLauncher" */ = {
			isa = XCBuildConfiguration;
			buildSettings = {
				ASSETCATALOG_COMPILER_APPICON_NAME = AppIcon;
				ASSETCATALOG_COMPILER_GLOBAL_ACCENT_COLOR_NAME = AccentColor;
				ASSETCATALOG_COMPILER_INCLUDE_ALL_APPICON_ASSETS = NO;
				AUTOMATION_APPLE_EVENTS = NO;
				CODE_SIGN_STYLE = Automatic;
				COMBINE_HIDPI_IMAGES = YES;
				CURRENT_PROJECT_VERSION = 4;
				DEVELOPMENT_TEAM = L5KZFNA2X4;
				ENABLE_APP_SANDBOX = NO;
				ENABLE_HARDENED_RUNTIME = NO;
				ENABLE_PREVIEWS = YES;
				ENABLE_RESOURCE_ACCESS_PHOTO_LIBRARY = NO;
				GENERATE_INFOPLIST_FILE = YES;
				INFOPLIST_KEY_CFBundleDisplayName = NumLauncher;
				INFOPLIST_KEY_LSApplicationCategoryType = "public.app-category.utilities";
				INFOPLIST_KEY_NSHumanReadableCopyright = "";
				LD_RUNPATH_SEARCH_PATHS = (
					"$(inherited)",
					"@executable_path/../Frameworks",
				);
				MACOSX_DEPLOYMENT_TARGET = "$(RECOMMENDED_MACOSX_DEPLOYMENT_TARGET)";
				MARKETING_VERSION = 0.1;
				PRODUCT_BUNDLE_IDENTIFIER = com.lagera.NumLauncher;
				PRODUCT_NAME = "$(TARGET_NAME)";
				REGISTER_APP_GROUPS = YES;
				RUNTIME_EXCEPTION_ALLOW_DYLD_ENVIRONMENT_VARIABLES = NO;
				RUNTIME_EXCEPTION_ALLOW_JIT = NO;
				RUNTIME_EXCEPTION_ALLOW_UNSIGNED_EXECUTABLE_MEMORY = NO;
				RUNTIME_EXCEPTION_DEBUGGING_TOOL = NO;
				RUNTIME_EXCEPTION_DISABLE_EXECUTABLE_PAGE_PROTECTION = NO;
				RUNTIME_EXCEPTION_DISABLE_LIBRARY_VALIDATION = NO;
				STRING_CATALOG_GENERATE_SYMBOLS = YES;
				SWIFT_APPROACHABLE_CONCURRENCY = YES;
				SWIFT_DEFAULT_ACTOR_ISOLATION = MainActor;
				SWIFT_EMIT_LOC_STRINGS = YES;
				SWIFT_UPCOMING_FEATURE_MEMBER_IMPORT_VISIBILITY = YES;
				SWIFT_VERSION = 5.0;
			};
			name = Release;
		};
		AABC1EF02FFCDD8D00BD422D /* Debug configuration for PBXNativeTarget "NumLauncherTests" */ = {
			isa = XCBuildConfiguration;
			buildSettings = {
				BUNDLE_LOADER = "$(TEST_HOST)";
				CODE_SIGN_STYLE = Automatic;
				CURRENT_PROJECT_VERSION = 1;
				DEVELOPMENT_TEAM = L5KZFNA2X4;
				GENERATE_INFOPLIST_FILE = YES;
				MACOSX_DEPLOYMENT_TARGET = 27.0;
				MARKETING_VERSION = 1.0;
				PRODUCT_BUNDLE_IDENTIFIER = com.lagera.NumLauncherTests;
				PRODUCT_NAME = "$(TARGET_NAME)";
				STRING_CATALOG_GENERATE_SYMBOLS = NO;
				SWIFT_APPROACHABLE_CONCURRENCY = YES;
				SWIFT_EMIT_LOC_STRINGS = NO;
				SWIFT_UPCOMING_FEATURE_MEMBER_IMPORT_VISIBILITY = YES;
				SWIFT_VERSION = 5.0;
				TEST_HOST = "$(BUILT_PRODUCTS_DIR)/NumLauncher.app/$(BUNDLE_EXECUTABLE_FOLDER_PATH)/NumLauncher";
			};
			name = Debug;
		};
		AABC1EF12FFCDD8D00BD422D /* Release configuration for PBXNativeTarget "NumLauncherTests" */ = {
			isa = XCBuildConfiguration;
			buildSettings = {
				BUNDLE_LOADER = "$(TEST_HOST)";
				CODE_SIGN_STYLE = Automatic;
				CURRENT_PROJECT_VERSION = 1;
				DEVELOPMENT_TEAM = L5KZFNA2X4;
				GENERATE_INFOPLIST_FILE = YES;
				MACOSX_DEPLOYMENT_TARGET = 27.0;
				MARKETING_VERSION = 1.0;
				PRODUCT_BUNDLE_IDENTIFIER = com.lagera.NumLauncherTests;
				PRODUCT_NAME = "$(TARGET_NAME)";
				STRING_CATALOG_GENERATE_SYMBOLS = NO;
				SWIFT_APPROACHABLE_CONCURRENCY = YES;
				SWIFT_EMIT_LOC_STRINGS = NO;
				SWIFT_UPCOMING_FEATURE_MEMBER_IMPORT_VISIBILITY = YES;
				SWIFT_VERSION = 5.0;
				TEST_HOST = "$(BUILT_PRODUCTS_DIR)/NumLauncher.app/$(BUNDLE_EXECUTABLE_FOLDER_PATH)/NumLauncher";
			};
			name = Release;
		};
		AABC1EF32FFCDD8D00BD422D /* Debug configuration for PBXNativeTarget "NumLauncherUITests" */ = {
			isa = XCBuildConfiguration;
			buildSettings = {
				CODE_SIGN_STYLE = Automatic;
				CURRENT_PROJECT_VERSION = 1;
				DEVELOPMENT_TEAM = L5KZFNA2X4;
				GENERATE_INFOPLIST_FILE = YES;
				MARKETING_VERSION = 1.0;
				PRODUCT_BUNDLE_IDENTIFIER = com.lagera.NumLauncherUITests;
				PRODUCT_NAME = "$(TARGET_NAME)";
				STRING_CATALOG_GENERATE_SYMBOLS = NO;
				SWIFT_APPROACHABLE_CONCURRENCY = YES;
				SWIFT_EMIT_LOC_STRINGS = NO;
				SWIFT_UPCOMING_FEATURE_MEMBER_IMPORT_VISIBILITY = YES;
				SWIFT_VERSION = 5.0;
				TEST_TARGET_NAME = NumLauncher;
			};
			name = Debug;
		};
		AABC1EF42FFCDD8D00BD422D /* Release configuration for PBXNativeTarget "NumLauncherUITests" */ = {
			isa = XCBuildConfiguration;
			buildSettings = {
				CODE_SIGN_STYLE = Automatic;
				CURRENT_PROJECT_VERSION = 1;
				DEVELOPMENT_TEAM = L5KZFNA2X4;
				GENERATE_INFOPLIST_FILE = YES;
				MARKETING_VERSION = 1.0;
				PRODUCT_BUNDLE_IDENTIFIER = com.lagera.NumLauncherUITests;
				PRODUCT_NAME = "$(TARGET_NAME)";
				STRING_CATALOG_GENERATE_SYMBOLS = NO;
				SWIFT_APPROACHABLE_CONCURRENCY = YES;
				SWIFT_EMIT_LOC_STRINGS = NO;
				SWIFT_UPCOMING_FEATURE_MEMBER_IMPORT_VISIBILITY = YES;
				SWIFT_VERSION = 5.0;
				TEST_TARGET_NAME = NumLauncher;
			};
			name = Release;
		};
/* End XCBuildConfiguration section */

/* Begin XCConfigurationList section */
		AABC1EC62FFCDD8B00BD422D /* Build configuration list for PBXProject "NumLauncher" */ = {
			isa = XCConfigurationList;
			buildConfigurations = (
				AABC1EEA2FFCDD8D00BD422D /* Debug configuration for PBXProject "NumLauncher" */,
				AABC1EEB2FFCDD8D00BD422D /* Release configuration for PBXProject "NumLauncher" */,
			);
			defaultConfigurationName = Release;
		};
		AABC1EEC2FFCDD8D00BD422D /* Build configuration list for PBXNativeTarget "NumLauncher" */ = {
			isa = XCConfigurationList;
			buildConfigurations = (
				AABC1EED2FFCDD8D00BD422D /* Debug configuration for PBXNativeTarget "NumLauncher" */,
				AABC1EEE2FFCDD8D00BD422D /* Release configuration for PBXNativeTarget "NumLauncher" */,
			);
			defaultConfigurationName = Release;
		};
		AABC1EEF2FFCDD8D00BD422D /* Build configuration list for PBXNativeTarget "NumLauncherTests" */ = {
			isa = XCConfigurationList;
			buildConfigurations = (
				AABC1EF02FFCDD8D00BD422D /* Debug configuration for PBXNativeTarget "NumLauncherTests" */,
				AABC1EF12FFCDD8D00BD422D /* Release configuration for PBXNativeTarget "NumLauncherTests" */,
			);
			defaultConfigurationName = Release;
		};
		AABC1EF22FFCDD8D00BD422D /* Build configuration list for PBXNativeTarget "NumLauncherUITests" */ = {
			isa = XCConfigurationList;
			buildConfigurations = (
				AABC1EF32FFCDD8D00BD422D /* Debug configuration for PBXNativeTarget "NumLauncherUITests" */,
				AABC1EF42FFCDD8D00BD422D /* Release configuration for PBXNativeTarget "NumLauncherUITests" */,
			);
			defaultConfigurationName = Release;
		};
/* End XCConfigurationList section */
	};
	rootObject = AABC1EC32FFCDD8B00BD422D /* Project object */;
	validationLevel = 1;
}
